{
  "name": "calendario-adviento",
  "lockfileVersion": 2,
  "requires": true,
  "packages": {
    "": {
      "dependencies": {
        "confetti-js": "^0.0.18",
        "simplycountdown.js": "^1.7.0"
      }
    },
    "node_modules/confetti-js": {
      "version": "0.0.18",
      "resolved": "https://registry.npmjs.org/confetti-js/-/confetti-js-0.0.18.tgz",
      "integrity": "sha512-0B7pYmZGBZuBkN32ydjWRpJLfRUT9KZYkQKkC4SGrAsUq0XE2DLY5foCWBXMXXVg7sFKs3qIb+qsDx1eFTeSvA=="
    },
    "node_modules/simplycountdown.js": {
      "version": "1.7.0",
      "resolved": "https://registry.npmjs.org/simplycountdown.js/-/simplycountdown.js-1.7.0.tgz",
      "integrity": "sha512-UB5LVDVRuVyawYsrosoQ8qOwSdK4JLX8njkmTy5y8ECBQ/h3HGCt6XdYAlMYVHfqQ9egp7dOHZzAjo7+FHYYAw=="
    }
  },
  "dependencies": {
    "confetti-js": {
      "version": "0.0.18",
      "resolved": "https://registry.npmjs.org/confetti-js/-/confetti-js-0.0.18.tgz",
      "integrity": "sha512-0B7pYmZGBZuBkN32ydjWRpJLfRUT9KZYkQKkC4SGrAsUq0XE2DLY5foCWBXMXXVg7sFKs3qIb+qsDx1eFTeSvA=="
    },
    "simplycountdown.js": {
      "version": "1.7.0",
      "resolved": "https://registry.npmjs.org/simplycountdown.js/-/simplycountdown.js-1.7.0.tgz",
      "integrity": "sha512-UB5LVDVRuVyawYsrosoQ8qOwSdK4JLX8njkmTy5y8ECBQ/h3HGCt6XdYAlMYVHfqQ9egp7dOHZzAjo7+FHYYAw=="
    }
  }
}
